
Microsoft Visual Studio Solution File, Format Version 12.00
# Visual Studio Version 17
VisualStudioVersion = 17.6.33815.320
MinimumVisualStudioVersion = 10.0.40219.1
Project("{9A19103F-16F7-4668-BE54-9A1E7A4F7556}") = "task_1", "task_1\task_1.csproj", "{23DAA493-3B80-49E6-8EE8-0F84DC62D7B2}"
EndProject
Project("{FAE04EC0-301F-11D3-BF4B-00C04F79EFBC}") = "Task_2", "Task_2\Task_2.csproj", "{910F2333-723B-4454-9489-962BAE1AF813}"
EndProject
Project("{FAE04EC0-301F-11D3-BF4B-00C04F79EFBC}") = "task_3", "task_3\task_3.csproj", "{47A033B0-D47D-4912-A7C1-B8381D708199}"
EndProject
Project("{FAE04EC0-301F-11D3-BF4B-00C04F79EFBC}") = "task_4", "task_4\task_4.csproj", "{B5320E8C-DF56-4306-93DE-2702A01D2D8F}"
EndProject
Global
	GlobalSection(SolutionConfigurationPlatforms) = preSolution
		Debug|Any CPU = Debug|Any CPU
		Release|Any CPU = Release|Any CPU
	EndGlobalSection
	GlobalSection(ProjectConfigurationPlatforms) = postSolution
		{23DAA493-3B80-49E6-8EE8-0F84DC62D7B2}.Debug|Any CPU.ActiveCfg = Debug|Any CPU
		{23DAA493-3B80-49E6-8EE8-0F84DC62D7B2}.Debug|Any CPU.Build.0 = Debug|Any CPU
		{23DAA493-3B80-49E6-8EE8-0F84DC62D7B2}.Release|Any CPU.ActiveCfg = Release|Any CPU
		{23DAA493-3B80-49E6-8EE8-0F84DC62D7B2}.Release|Any CPU.Build.0 = Release|Any CPU
		{910F2333-723B-4454-9489-962BAE1AF813}.Debug|Any CPU.ActiveCfg = Debug|Any CPU
		{910F2333-723B-4454-9489-962BAE1AF813}.Debug|Any CPU.Build.0 = Debug|Any CPU
		{910F2333-723B-4454-9489-962BAE1AF813}.Release|Any CPU.ActiveCfg = Release|Any CPU
		{910F2333-723B-4454-9489-962BAE1AF813}.Release|Any CPU.Build.0 = Release|Any CPU
		{47A033B0-D47D-4912-A7C1-B8381D708199}.Debug|Any CPU.ActiveCfg = Debug|Any CPU
		{47A033B0-D47D-4912-A7C1-B8381D708199}.Debug|Any CPU.Build.0 = Debug|Any CPU
		{47A033B0-D47D-4912-A7C1-B8381D708199}.Release|Any CPU.ActiveCfg = Release|Any CPU
		{47A033B0-D47D-4912-A7C1-B8381D708199}.Release|Any CPU.Build.0 = Release|Any CPU
		{B5320E8C-DF56-4306-93DE-2702A01D2D8F}.Debug|Any CPU.ActiveCfg = Debug|Any CPU
		{B5320E8C-DF56-4306-93DE-2702A01D2D8F}.Debug|Any CPU.Build.0 = Debug|Any CPU
		{B5320E8C-DF56-4306-93DE-2702A01D2D8F}.Release|Any CPU.ActiveCfg = Release|Any CPU
		{B5320E8C-DF56-4306-93DE-2702A01D2D8F}.Release|Any CPU.Build.0 = Release|Any CPU
	EndGlobalSection
	GlobalSection(SolutionProperties) = preSolution
		HideSolutionNode = FALSE
	EndGlobalSection
	GlobalSection(ExtensibilityGlobals) = postSolution
		SolutionGuid = {9B886EE1-0223-453D-815C-151891E7D1CE}
	EndGlobalSection
EndGlobal
