
Microsoft Visual Studio Solution File, Format Version 12.00
# Visual Studio Version 17
VisualStudioVersion = 17.7.34221.43
MinimumVisualStudioVersion = 10.0.40219.1
Project("{FAE04EC0-301F-11D3-BF4B-00C04F79EFBC}") = "ConsoleApp1", "ConsoleApp1\ConsoleApp1.csproj", "{380E8B6E-4200-44D6-A7A3-4519E5FDDE13}"
EndProject
Global
	GlobalSection(SolutionConfigurationPlatforms) = preSolution
		Debug|Any CPU = Debug|Any CPU
		Release|Any CPU = Release|Any CPU
	EndGlobalSection
	GlobalSection(ProjectConfigurationPlatforms) = postSolution
		{380E8B6E-4200-44D6-A7A3-4519E5FDDE13}.Debug|Any CPU.ActiveCfg = Debug|Any CPU
		{380E8B6E-4200-44D6-A7A3-4519E5FDDE13}.Debug|Any CPU.Build.0 = Debug|Any CPU
		{380E8B6E-4200-44D6-A7A3-4519E5FDDE13}.Release|Any CPU.ActiveCfg = Release|Any CPU
		{380E8B6E-4200-44D6-A7A3-4519E5FDDE13}.Release|Any CPU.Build.0 = Release|Any CPU
	EndGlobalSection
	GlobalSection(SolutionProperties) = preSolution
		HideSolutionNode = FALSE
	EndGlobalSection
	GlobalSection(ExtensibilityGlobals) = postSolution
		SolutionGuid = {25BD0EB3-7231-44B0-B85E-C54CC7657DDA}
	EndGlobalSection
EndGlobal
