
Microsoft Visual Studio Solution File, Format Version 12.00
# Visual Studio Version 17
VisualStudioVersion = 17.6.33815.320
MinimumVisualStudioVersion = 10.0.40219.1
Project("{9A19103F-16F7-4668-BE54-9A1E7A4F7556}") = "task1", "task1\task1.csproj", "{0BA0D7AC-BDB1-4983-8822-78F39F64124E}"
EndProject
Project("{FAE04EC0-301F-11D3-BF4B-00C04F79EFBC}") = "task2", "task2\task2.csproj", "{51114F16-8F64-4350-B32C-48F55F1388E3}"
EndProject
Global
	GlobalSection(SolutionConfigurationPlatforms) = preSolution
		Debug|Any CPU = Debug|Any CPU
		Release|Any CPU = Release|Any CPU
	EndGlobalSection
	GlobalSection(ProjectConfigurationPlatforms) = postSolution
		{0BA0D7AC-BDB1-4983-8822-78F39F64124E}.Debug|Any CPU.ActiveCfg = Debug|Any CPU
		{0BA0D7AC-BDB1-4983-8822-78F39F64124E}.Debug|Any CPU.Build.0 = Debug|Any CPU
		{0BA0D7AC-BDB1-4983-8822-78F39F64124E}.Release|Any CPU.ActiveCfg = Release|Any CPU
		{0BA0D7AC-BDB1-4983-8822-78F39F64124E}.Release|Any CPU.Build.0 = Release|Any CPU
		{51114F16-8F64-4350-B32C-48F55F1388E3}.Debug|Any CPU.ActiveCfg = Debug|Any CPU
		{51114F16-8F64-4350-B32C-48F55F1388E3}.Debug|Any CPU.Build.0 = Debug|Any CPU
		{51114F16-8F64-4350-B32C-48F55F1388E3}.Release|Any CPU.ActiveCfg = Release|Any CPU
		{51114F16-8F64-4350-B32C-48F55F1388E3}.Release|Any CPU.Build.0 = Release|Any CPU
	EndGlobalSection
	GlobalSection(SolutionProperties) = preSolution
		HideSolutionNode = FALSE
	EndGlobalSection
	GlobalSection(ExtensibilityGlobals) = postSolution
		SolutionGuid = {5796B063-A1A4-4A6F-A183-EF77D5F08A91}
	EndGlobalSection
EndGlobal
